
Microsoft Visual Studio Solution File, Format Version 12.00
# Visual Studio 15
VisualStudioVersion = 15.0.28307.1209
MinimumVisualStudioVersion = 10.0.40219.1
Project("{FAE04EC0-301F-11D3-BF4B-00C04F79EFBC}") = "Test", "Test\Test.csproj", "{7026C52D-1A79-490F-82E5-12E3477C421D}"
EndProject
Project("{FAE04EC0-301F-11D3-BF4B-00C04F79EFBC}") = "CSharp", "CSharp\CSharp.csproj", "{DB4696CC-FA99-4AC3-A3FF-E05A2A8C8B5C}"
EndProject
Global
	GlobalSection(SolutionConfigurationPlatforms) = preSolution
		Debug|Any CPU = Debug|Any CPU
		Release|Any CPU = Release|Any CPU
	EndGlobalSection
	GlobalSection(ProjectConfigurationPlatforms) = postSolution
		{7026C52D-1A79-490F-82E5-12E3477C421D}.Debug|Any CPU.ActiveCfg = Debug|Any CPU
		{7026C52D-1A79-490F-82E5-12E3477C421D}.Debug|Any CPU.Build.0 = Debug|Any CPU
		{7026C52D-1A79-490F-82E5-12E3477C421D}.Release|Any CPU.ActiveCfg = Release|Any CPU
		{7026C52D-1A79-490F-82E5-12E3477C421D}.Release|Any CPU.Build.0 = Release|Any CPU
		{DB4696CC-FA99-4AC3-A3FF-E05A2A8C8B5C}.Debug|Any CPU.ActiveCfg = Debug|Any CPU
		{DB4696CC-FA99-4AC3-A3FF-E05A2A8C8B5C}.Debug|Any CPU.Build.0 = Debug|Any CPU
		{DB4696CC-FA99-4AC3-A3FF-E05A2A8C8B5C}.Release|Any CPU.ActiveCfg = Release|Any CPU
		{DB4696CC-FA99-4AC3-A3FF-E05A2A8C8B5C}.Release|Any CPU.Build.0 = Release|Any CPU
	EndGlobalSection
	GlobalSection(SolutionProperties) = preSolution
		HideSolutionNode = FALSE
	EndGlobalSection
	GlobalSection(ExtensibilityGlobals) = postSolution
		SolutionGuid = {1020E6CF-C88E-4A3F-A4CB-B8437F6C75CE}
	EndGlobalSection
EndGlobal
